# This file is autogenerated, do not edit; changes may be undone by the next 'dep ensure'.


[[projects]]
  branch = "printf_result"
  digest = "1:c05c6113aa863d715b23dc48bf7283f5ee1db6d84fdd6a4e36257e64bbb33916"
  name = "golang.org/x/tools"
  packages = [
    "go/analysis",
    "go/analysis/passes/inspect",
    "go/analysis/passes/internal/analysisutil",
    "go/analysis/passes/printf",
    "go/ast/astutil",
    "go/ast/inspector",
    "go/types/typeutil",
  ]
  pruneopts = ""
  revision = "5cb9115d21e89da8e75c5b207bfa1c512c315161"
  source = "github.com/aaronbee/tools"

[solve-meta]
  analyzer-name = "dep"
  analyzer-version = 1
  input-imports = ["golang.org/x/tools/go/analysis/passes/printf"]
  solver-name = "gps-cdcl"
  solver-version = 1
